// !$*UTF8*$!
{
	archiveVersion = 1;
	classes = {
	};
	objectVersion = 46;
	objects = {

/* Begin PBXBuildFile section */
		8613DB0169394C65DD8B64A1 /* Pods_FlyTour.framework in Frameworks */ = {isa = PBXBuildFile; fileRef = EB0FB3BA6D8E306AA0BE682C /* Pods_FlyTour.framework */; };
		8F06C0681E843E4C0023BBAA /* FTConstants.swift in Sources */ = {isa = PBXBuildFile; fileRef = 8F06C0671E843E4C0023BBAA /* FTConstants.swift */; };
		8F55028B1E85D86E00E84C62 /* icomoon.ttf in Resources */ = {isa = PBXBuildFile; fileRef = 8F55028A1E85D86E00E84C62 /* icomoon.ttf */; };
		8F6BF62B1E842BB800B466DB /* FTAppDelegate.swift in Sources */ = {isa = PBXBuildFile; fileRef = 8F6BF62A1E842BB800B466DB /* FTAppDelegate.swift */; };
		8F6BF62D1E842BB800B466DB /* FTHomeViewController.swift in Sources */ = {isa = PBXBuildFile; fileRef = 8F6BF62C1E842BB800B466DB /* FTHomeViewController.swift */; };
		8F6BF6351E842BB800B466DB /* Assets.xcassets in Resources */ = {isa = PBXBuildFile; fileRef = 8F6BF6341E842BB800B466DB /* Assets.xcassets */; };
		8F6BF6381E842BB800B466DB /* LaunchScreen.storyboard in Resources */ = {isa = PBXBuildFile; fileRef = 8F6BF6361E842BB800B466DB /* LaunchScreen.storyboard */; };
		8FA28D751E869B25007F1359 /* FTRoutesResponse.swift in Sources */ = {isa = PBXBuildFile; fileRef = 8FA28D741E869B25007F1359 /* FTRoutesResponse.swift */; };
		8FA28D771E86B204007F1359 /* FTGeocodedWaypoint.swift in Sources */ = {isa = PBXBuildFile; fileRef = 8FA28D761E86B204007F1359 /* FTGeocodedWaypoint.swift */; };
		8FA28D791E86B444007F1359 /* FTRouteLeg.swift in Sources */ = {isa = PBXBuildFile; fileRef = 8FA28D781E86B444007F1359 /* FTRouteLeg.swift */; };
		8FA28D7B1E86B47A007F1359 /* FTGenericTextValueData.swift in Sources */ = {isa = PBXBuildFile; fileRef = 8FA28D7A1E86B47A007F1359 /* FTGenericTextValueData.swift */; };
		8FA28D7D1E874C40007F1359 /* FTRouteDetailCell.swift in Sources */ = {isa = PBXBuildFile; fileRef = 8FA28D7C1E874C40007F1359 /* FTRouteDetailCell.swift */; };
		8FA28D7F1E87B42D007F1359 /* UILabel+Additions.swift in Sources */ = {isa = PBXBuildFile; fileRef = 8FA28D7E1E87B42D007F1359 /* UILabel+Additions.swift */; };
		8FA28D811E87BC30007F1359 /* String+Additions.swift in Sources */ = {isa = PBXBuildFile; fileRef = 8FA28D801E87BC30007F1359 /* String+Additions.swift */; };
		8FA28D831E87DF42007F1359 /* FTRoute.swift in Sources */ = {isa = PBXBuildFile; fileRef = 8FA28D821E87DF42007F1359 /* FTRoute.swift */; };
		8FC6881D1E85AAD5002A8C46 /* FTCommonFunctions.swift in Sources */ = {isa = PBXBuildFile; fileRef = 8FC6881C1E85AAD5002A8C46 /* FTCommonFunctions.swift */; };
		8FC688221E85B0F8002A8C46 /* Georgia.ttf in Resources */ = {isa = PBXBuildFile; fileRef = 8FC688201E85B0F8002A8C46 /* Georgia.ttf */; };
		8FC688241E85C6FA002A8C46 /* FTNewTourViewController.swift in Sources */ = {isa = PBXBuildFile; fileRef = 8FC688231E85C6FA002A8C46 /* FTNewTourViewController.swift */; };
/* End PBXBuildFile section */

/* Begin PBXFileReference section */
		4A00F1E9D70073E802BF3E82 /* Pods-FlyTour.release.xcconfig */ = {isa = PBXFileReference; includeInIndex = 1; lastKnownFileType = text.xcconfig; name = "Pods-FlyTour.release.xcconfig"; path = "Pods/Target Support Files/Pods-FlyTour/Pods-FlyTour.release.xcconfig"; sourceTree = "<group>"; };
		8F06C0671E843E4C0023BBAA /* FTConstants.swift */ = {isa = PBXFileReference; fileEncoding = 4; lastKnownFileType = sourcecode.swift; path = FTConstants.swift; sourceTree = "<group>"; };
		8F55028A1E85D86E00E84C62 /* icomoon.ttf */ = {isa = PBXFileReference; lastKnownFileType = file; path = icomoon.ttf; sourceTree = "<group>"; };
		8F6BF6271E842BB800B466DB /* FlyTour.app */ = {isa = PBXFileReference; explicitFileType = wrapper.application; includeInIndex = 0; path = FlyTour.app; sourceTree = BUILT_PRODUCTS_DIR; };
		8F6BF62A1E842BB800B466DB /* FTAppDelegate.swift */ = {isa = PBXFileReference; lastKnownFileType = sourcecode.swift; path = FTAppDelegate.swift; sourceTree = "<group>"; };
		8F6BF62C1E842BB800B466DB /* FTHomeViewController.swift */ = {isa = PBXFileReference; lastKnownFileType = sourcecode.swift; path = FTHomeViewController.swift; sourceTree = "<group>"; };
		8F6BF6341E842BB800B466DB /* Assets.xcassets */ = {isa = PBXFileReference; lastKnownFileType = folder.assetcatalog; path = Assets.xcassets; sourceTree = "<group>"; };
		8F6BF6371E842BB800B466DB /* Base */ = {isa = PBXFileReference; lastKnownFileType = file.storyboard; name = Base; path = Base.lproj/LaunchScreen.storyboard; sourceTree = "<group>"; };
		8F6BF6391E842BB800B466DB /* FlyTour-Info.plist */ = {isa = PBXFileReference; lastKnownFileType = text.plist.xml; path = "FlyTour-Info.plist"; sourceTree = "<group>"; };
		8FA28D741E869B25007F1359 /* FTRoutesResponse.swift */ = {isa = PBXFileReference; fileEncoding = 4; lastKnownFileType = sourcecode.swift; path = FTRoutesResponse.swift; sourceTree = "<group>"; };
		8FA28D761E86B204007F1359 /* FTGeocodedWaypoint.swift */ = {isa = PBXFileReference; fileEncoding = 4; lastKnownFileType = sourcecode.swift; path = FTGeocodedWaypoint.swift; sourceTree = "<group>"; };
		8FA28D781E86B444007F1359 /* FTRouteLeg.swift */ = {isa = PBXFileReference; fileEncoding = 4; lastKnownFileType = sourcecode.swift; path = FTRouteLeg.swift; sourceTree = "<group>"; };
		8FA28D7A1E86B47A007F1359 /* FTGenericTextValueData.swift */ = {isa = PBXFileReference; fileEncoding = 4; lastKnownFileType = sourcecode.swift; path = FTGenericTextValueData.swift; sourceTree = "<group>"; };
		8FA28D7C1E874C40007F1359 /* FTRouteDetailCell.swift */ = {isa = PBXFileReference; fileEncoding = 4; lastKnownFileType = sourcecode.swift; path = FTRouteDetailCell.swift; sourceTree = "<group>"; };
		8FA28D7E1E87B42D007F1359 /* UILabel+Additions.swift */ = {isa = PBXFileReference; fileEncoding = 4; lastKnownFileType = sourcecode.swift; path = "UILabel+Additions.swift"; sourceTree = "<group>"; };
		8FA28D801E87BC30007F1359 /* String+Additions.swift */ = {isa = PBXFileReference; fileEncoding = 4; lastKnownFileType = sourcecode.swift; path = "String+Additions.swift"; sourceTree = "<group>"; };
		8FA28D821E87DF42007F1359 /* FTRoute.swift */ = {isa = PBXFileReference; fileEncoding = 4; lastKnownFileType = sourcecode.swift; path = FTRoute.swift; sourceTree = "<group>"; };
		8FC6881C1E85AAD5002A8C46 /* FTCommonFunctions.swift */ = {isa = PBXFileReference; fileEncoding = 4; lastKnownFileType = sourcecode.swift; path = FTCommonFunctions.swift; sourceTree = "<group>"; };
		8FC688201E85B0F8002A8C46 /* Georgia.ttf */ = {isa = PBXFileReference; lastKnownFileType = file; path = Georgia.ttf; sourceTree = "<group>"; };
		8FC688231E85C6FA002A8C46 /* FTNewTourViewController.swift */ = {isa = PBXFileReference; fileEncoding = 4; lastKnownFileType = sourcecode.swift; path = FTNewTourViewController.swift; sourceTree = "<group>"; };
		AE8BAAACBB54C03330309D5C /* Pods-FlyTour.debug.xcconfig */ = {isa = PBXFileReference; includeInIndex = 1; lastKnownFileType = text.xcconfig; name = "Pods-FlyTour.debug.xcconfig"; path = "Pods/Target Support Files/Pods-FlyTour/Pods-FlyTour.debug.xcconfig"; sourceTree = "<group>"; };
		EB0FB3BA6D8E306AA0BE682C /* Pods_FlyTour.framework */ = {isa = PBXFileReference; explicitFileType = wrapper.framework; includeInIndex = 0; path = Pods_FlyTour.framework; sourceTree = BUILT_PRODUCTS_DIR; };
/* End PBXFileReference section */

/* Begin PBXFrameworksBuildPhase section */
		8F6BF6241E842BB800B466DB /* Frameworks */ = {
			isa = PBXFrameworksBuildPhase;
			buildActionMask = 2147483647;
			files = (
				8613DB0169394C65DD8B64A1 /* Pods_FlyTour.framework in Frameworks */,
			);
			runOnlyForDeploymentPostprocessing = 0;
		};
/* End PBXFrameworksBuildPhase section */

/* Begin PBXGroup section */
		1AD717CF92473CBCF814F490 /* Frameworks */ = {
			isa = PBXGroup;
			children = (
				EB0FB3BA6D8E306AA0BE682C /* Pods_FlyTour.framework */,
			);
			name = Frameworks;
			sourceTree = "<group>";
		};
		8F6BF61E1E842BB800B466DB = {
			isa = PBXGroup;
			children = (
				8F6BF6291E842BB800B466DB /* FlyTour */,
				8F6BF6281E842BB800B466DB /* Products */,
				F1D98D51AB065FEF566DB306 /* Pods */,
				1AD717CF92473CBCF814F490 /* Frameworks */,
			);
			sourceTree = "<group>";
		};
		8F6BF6281E842BB800B466DB /* Products */ = {
			isa = PBXGroup;
			children = (
				8F6BF6271E842BB800B466DB /* FlyTour.app */,
			);
			name = Products;
			sourceTree = "<group>";
		};
		8F6BF6291E842BB800B466DB /* FlyTour */ = {
			isa = PBXGroup;
			children = (
				8FA28D731E869AC1007F1359 /* Models */,
				8FC6881E1E85B0D9002A8C46 /* Resources */,
				8F6BF62A1E842BB800B466DB /* FTAppDelegate.swift */,
				8F6BF62C1E842BB800B466DB /* FTHomeViewController.swift */,
				8F6BF6341E842BB800B466DB /* Assets.xcassets */,
				8F6BF6361E842BB800B466DB /* LaunchScreen.storyboard */,
				8F6BF6391E842BB800B466DB /* FlyTour-Info.plist */,
				8F06C0671E843E4C0023BBAA /* FTConstants.swift */,
				8FC6881C1E85AAD5002A8C46 /* FTCommonFunctions.swift */,
				8FC688231E85C6FA002A8C46 /* FTNewTourViewController.swift */,
				8FA28D7C1E874C40007F1359 /* FTRouteDetailCell.swift */,
				8FA28D7E1E87B42D007F1359 /* UILabel+Additions.swift */,
				8FA28D801E87BC30007F1359 /* String+Additions.swift */,
			);
			path = FlyTour;
			sourceTree = "<group>";
		};
		8FA28D731E869AC1007F1359 /* Models */ = {
			isa = PBXGroup;
			children = (
				8FA28D741E869B25007F1359 /* FTRoutesResponse.swift */,
				8FA28D761E86B204007F1359 /* FTGeocodedWaypoint.swift */,
				8FA28D781E86B444007F1359 /* FTRouteLeg.swift */,
				8FA28D7A1E86B47A007F1359 /* FTGenericTextValueData.swift */,
				8FA28D821E87DF42007F1359 /* FTRoute.swift */,
			);
			name = Models;
			sourceTree = "<group>";
		};
		8FC6881E1E85B0D9002A8C46 /* Resources */ = {
			isa = PBXGroup;
			children = (
				8F55028A1E85D86E00E84C62 /* icomoon.ttf */,
				8FC688201E85B0F8002A8C46 /* Georgia.ttf */,
			);
			name = Resources;
			sourceTree = "<group>";
		};
		F1D98D51AB065FEF566DB306 /* Pods */ = {
			isa = PBXGroup;
			children = (
				AE8BAAACBB54C03330309D5C /* Pods-FlyTour.debug.xcconfig */,
				4A00F1E9D70073E802BF3E82 /* Pods-FlyTour.release.xcconfig */,
			);
			name = Pods;
			sourceTree = "<group>";
		};
/* End PBXGroup section */

/* Begin PBXNativeTarget section */
		8F6BF6261E842BB800B466DB /* FlyTour */ = {
			isa = PBXNativeTarget;
			buildConfigurationList = 8F6BF63C1E842BB800B466DB /* Build configuration list for PBXNativeTarget "FlyTour" */;
			buildPhases = (
				E658B26213EA22DFF4006F2D /* [CP] Check Pods Manifest.lock */,
				8F6BF6231E842BB800B466DB /* Sources */,
				8F6BF6241E842BB800B466DB /* Frameworks */,
				8F6BF6251E842BB800B466DB /* Resources */,
				82585ACAD570EDB897F0165F /* [CP] Embed Pods Frameworks */,
				D545B699471C04646FC56507 /* [CP] Copy Pods Resources */,
			);
			buildRules = (
			);
			dependencies = (
			);
			name = FlyTour;
			productName = FlyTour;
			productReference = 8F6BF6271E842BB800B466DB /* FlyTour.app */;
			productType = "com.apple.product-type.application";
		};
/* End PBXNativeTarget section */

/* Begin PBXProject section */
		8F6BF61F1E842BB800B466DB /* Project object */ = {
			isa = PBXProject;
			attributes = {
				LastSwiftUpdateCheck = 0820;
				LastUpgradeCheck = 0820;
				ORGANIZATIONNAME = FlyHomes;
				TargetAttributes = {
					8F6BF6261E842BB800B466DB = {
						CreatedOnToolsVersion = 8.2.1;
						DevelopmentTeam = RCYN23FXZR;
						ProvisioningStyle = Automatic;
					};
				};
			};
			buildConfigurationList = 8F6BF6221E842BB800B466DB /* Build configuration list for PBXProject "FlyTour" */;
			compatibilityVersion = "Xcode 3.2";
			developmentRegion = English;
			hasScannedForEncodings = 0;
			knownRegions = (
				en,
				Base,
			);
			mainGroup = 8F6BF61E1E842BB800B466DB;
			productRefGroup = 8F6BF6281E842BB800B466DB /* Products */;
			projectDirPath = "";
			projectRoot = "";
			targets = (
				8F6BF6261E842BB800B466DB /* FlyTour */,
			);
		};
/* End PBXProject section */

/* Begin PBXResourcesBuildPhase section */
		8F6BF6251E842BB800B466DB /* Resources */ = {
			isa = PBXResourcesBuildPhase;
			buildActionMask = 2147483647;
			files = (
				8F6BF6381E842BB800B466DB /* LaunchScreen.storyboard in Resources */,
				8FC688221E85B0F8002A8C46 /* Georgia.ttf in Resources */,
				8F6BF6351E842BB800B466DB /* Assets.xcassets in Resources */,
				8F55028B1E85D86E00E84C62 /* icomoon.ttf in Resources */,
			);
			runOnlyForDeploymentPostprocessing = 0;
		};
/* End PBXResourcesBuildPhase section */

/* Begin PBXShellScriptBuildPhase section */
		82585ACAD570EDB897F0165F /* [CP] Embed Pods Frameworks */ = {
			isa = PBXShellScriptBuildPhase;
			buildActionMask = 2147483647;
			files = (
			);
			inputPaths = (
			);
			name = "[CP] Embed Pods Frameworks";
			outputPaths = (
			);
			runOnlyForDeploymentPostprocessing = 0;
			shellPath = /bin/sh;
			shellScript = "\"${SRCROOT}/Pods/Target Support Files/Pods-FlyTour/Pods-FlyTour-frameworks.sh\"\n";
			showEnvVarsInLog = 0;
		};
		D545B699471C04646FC56507 /* [CP] Copy Pods Resources */ = {
			isa = PBXShellScriptBuildPhase;
			buildActionMask = 2147483647;
			files = (
			);
			inputPaths = (
			);
			name = "[CP] Copy Pods Resources";
			outputPaths = (
			);
			runOnlyForDeploymentPostprocessing = 0;
			shellPath = /bin/sh;
			shellScript = "\"${SRCROOT}/Pods/Target Support Files/Pods-FlyTour/Pods-FlyTour-resources.sh\"\n";
			showEnvVarsInLog = 0;
		};
		E658B26213EA22DFF4006F2D /* [CP] Check Pods Manifest.lock */ = {
			isa = PBXShellScriptBuildPhase;
			buildActionMask = 2147483647;
			files = (
			);
			inputPaths = (
			);
			name = "[CP] Check Pods Manifest.lock";
			outputPaths = (
			);
			runOnlyForDeploymentPostprocessing = 0;
			shellPath = /bin/sh;
			shellScript = "diff \"${PODS_ROOT}/../Podfile.lock\" \"${PODS_ROOT}/Manifest.lock\" > /dev/null\nif [[ $? != 0 ]] ; then\n    cat << EOM\nerror: The sandbox is not in sync with the Podfile.lock. Run 'pod install' or update your CocoaPods installation.\nEOM\n    exit 1\nfi\n";
			showEnvVarsInLog = 0;
		};
/* End PBXShellScriptBuildPhase section */

/* Begin PBXSourcesBuildPhase section */
		8F6BF6231E842BB800B466DB /* Sources */ = {
			isa = PBXSourcesBuildPhase;
			buildActionMask = 2147483647;
			files = (
				8FA28D791E86B444007F1359 /* FTRouteLeg.swift in Sources */,
				8FA28D751E869B25007F1359 /* FTRoutesResponse.swift in Sources */,
				8FA28D7F1E87B42D007F1359 /* UILabel+Additions.swift in Sources */,
				8FC688241E85C6FA002A8C46 /* FTNewTourViewController.swift in Sources */,
				8FA28D7B1E86B47A007F1359 /* FTGenericTextValueData.swift in Sources */,
				8FA28D771E86B204007F1359 /* FTGeocodedWaypoint.swift in Sources */,
				8F6BF62D1E842BB800B466DB /* FTHomeViewController.swift in Sources */,
				8F6BF62B1E842BB800B466DB /* FTAppDelegate.swift in Sources */,
				8FC6881D1E85AAD5002A8C46 /* FTCommonFunctions.swift in Sources */,
				8FA28D811E87BC30007F1359 /* String+Additions.swift in Sources */,
				8FA28D7D1E874C40007F1359 /* FTRouteDetailCell.swift in Sources */,
				8FA28D831E87DF42007F1359 /* FTRoute.swift in Sources */,
				8F06C0681E843E4C0023BBAA /* FTConstants.swift in Sources */,
			);
			runOnlyForDeploymentPostprocessing = 0;
		};
/* End PBXSourcesBuildPhase section */

/* Begin PBXVariantGroup section */
		8F6BF6361E842BB800B466DB /* LaunchScreen.storyboard */ = {
			isa = PBXVariantGroup;
			children = (
				8F6BF6371E842BB800B466DB /* Base */,
			);
			name = LaunchScreen.storyboard;
			sourceTree = "<group>";
		};
/* End PBXVariantGroup section */

/* Begin XCBuildConfiguration section */
		8F6BF63A1E842BB800B466DB /* Debug */ = {
			isa = XCBuildConfiguration;
			buildSettings = {
				ALWAYS_SEARCH_USER_PATHS = NO;
				CLANG_ANALYZER_NONNULL = YES;
				CLANG_CXX_LANGUAGE_STANDARD = "gnu++0x";
				CLANG_CXX_LIBRARY = "libc++";
				CLANG_ENABLE_MODULES = YES;
				CLANG_ENABLE_OBJC_ARC = YES;
				CLANG_WARN_BOOL_CONVERSION = YES;
				CLANG_WARN_CONSTANT_CONVERSION = YES;
				CLANG_WARN_DIRECT_OBJC_ISA_USAGE = YES_ERROR;
				CLANG_WARN_DOCUMENTATION_COMMENTS = YES;
				CLANG_WARN_EMPTY_BODY = YES;
				CLANG_WARN_ENUM_CONVERSION = YES;
				CLANG_WARN_INFINITE_RECURSION = YES;
				CLANG_WARN_INT_CONVERSION = YES;
				CLANG_WARN_OBJC_ROOT_CLASS = YES_ERROR;
				CLANG_WARN_SUSPICIOUS_MOVE = YES;
				CLANG_WARN_UNREACHABLE_CODE = YES;
				CLANG_WARN__DUPLICATE_METHOD_MATCH = YES;
				"CODE_SIGN_IDENTITY[sdk=iphoneos*]" = "iPhone Developer";
				COPY_PHASE_STRIP = NO;
				DEBUG_INFORMATION_FORMAT = dwarf;
				ENABLE_STRICT_OBJC_MSGSEND = YES;
				ENABLE_TESTABILITY = YES;
				GCC_C_LANGUAGE_STANDARD = gnu99;
				GCC_DYNAMIC_NO_PIC = NO;
				GCC_NO_COMMON_BLOCKS = YES;
				GCC_OPTIMIZATION_LEVEL = 0;
				GCC_PREPROCESSOR_DEFINITIONS = (
					"DEBUG=1",
					"$(inherited)",
				);
				GCC_WARN_64_TO_32_BIT_CONVERSION = YES;
				GCC_WARN_ABOUT_RETURN_TYPE = YES_ERROR;
				GCC_WARN_UNDECLARED_SELECTOR = YES;
				GCC_WARN_UNINITIALIZED_AUTOS = YES_AGGRESSIVE;
				GCC_WARN_UNUSED_FUNCTION = YES;
				GCC_WARN_UNUSED_VARIABLE = YES;
				IPHONEOS_DEPLOYMENT_TARGET = 10.2;
				MTL_ENABLE_DEBUG_INFO = YES;
				ONLY_ACTIVE_ARCH = YES;
				SDKROOT = iphoneos;
				SWIFT_ACTIVE_COMPILATION_CONDITIONS = DEBUG;
				SWIFT_OPTIMIZATION_LEVEL = "-Onone";
				TARGETED_DEVICE_FAMILY = "1,2";
			};
			name = Debug;
		};
		8F6BF63B1E842BB800B466DB /* Release */ = {
			isa = XCBuildConfiguration;
			buildSettings = {
				ALWAYS_SEARCH_USER_PATHS = NO;
				CLANG_ANALYZER_NONNULL = YES;
				CLANG_CXX_LANGUAGE_STANDARD = "gnu++0x";
				CLANG_CXX_LIBRARY = "libc++";
				CLANG_ENABLE_MODULES = YES;
				CLANG_ENABLE_OBJC_ARC = YES;
				CLANG_WARN_BOOL_CONVERSION = YES;
				CLANG_WARN_CONSTANT_CONVERSION = YES;
				CLANG_WARN_DIRECT_OBJC_ISA_USAGE = YES_ERROR;
				CLANG_WARN_DOCUMENTATION_COMMENTS = YES;
				CLANG_WARN_EMPTY_BODY = YES;
				CLANG_WARN_ENUM_CONVERSION = YES;
				CLANG_WARN_INFINITE_RECURSION = YES;
				CLANG_WARN_INT_CONVERSION = YES;
				CLANG_WARN_OBJC_ROOT_CLASS = YES_ERROR;
				CLANG_WARN_SUSPICIOUS_MOVE = YES;
				CLANG_WARN_UNREACHABLE_CODE = YES;
				CLANG_WARN__DUPLICATE_METHOD_MATCH = YES;
				"CODE_SIGN_IDENTITY[sdk=iphoneos*]" = "iPhone Developer";
				COPY_PHASE_STRIP = NO;
				DEBUG_INFORMATION_FORMAT = "dwarf-with-dsym";
				ENABLE_NS_ASSERTIONS = NO;
				ENABLE_STRICT_OBJC_MSGSEND = YES;
				GCC_C_LANGUAGE_STANDARD = gnu99;
				GCC_NO_COMMON_BLOCKS = YES;
				GCC_WARN_64_TO_32_BIT_CONVERSION = YES;
				GCC_WARN_ABOUT_RETURN_TYPE = YES_ERROR;
				GCC_WARN_UNDECLARED_SELECTOR = YES;
				GCC_WARN_UNINITIALIZED_AUTOS = YES_AGGRESSIVE;
				GCC_WARN_UNUSED_FUNCTION = YES;
				GCC_WARN_UNUSED_VARIABLE = YES;
				IPHONEOS_DEPLOYMENT_TARGET = 10.2;
				MTL_ENABLE_DEBUG_INFO = NO;
				SDKROOT = iphoneos;
				SWIFT_OPTIMIZATION_LEVEL = "-Owholemodule";
				TARGETED_DEVICE_FAMILY = "1,2";
				VALIDATE_PRODUCT = YES;
			};
			name = Release;
		};
		8F6BF63D1E842BB800B466DB /* Debug */ = {
			isa = XCBuildConfiguration;
			baseConfigurationReference = AE8BAAACBB54C03330309D5C /* Pods-FlyTour.debug.xcconfig */;
			buildSettings = {
				ASSETCATALOG_COMPILER_APPICON_NAME = AppIcon;
				DEVELOPMENT_TEAM = RCYN23FXZR;
				INFOPLIST_FILE = "$(SRCROOT)/FlyTour/FlyTour-Info.plist";
				IPHONEOS_DEPLOYMENT_TARGET = 8.0;
				LD_RUNPATH_SEARCH_PATHS = "$(inherited) @executable_path/Frameworks";
				PRODUCT_BUNDLE_IDENTIFIER = com.flytour.ios;
				PRODUCT_NAME = "$(TARGET_NAME)";
				SWIFT_VERSION = 3.0;
			};
			name = Debug;
		};
		8F6BF63E1E842BB800B466DB /* Release */ = {
			isa = XCBuildConfiguration;
			baseConfigurationReference = 4A00F1E9D70073E802BF3E82 /* Pods-FlyTour.release.xcconfig */;
			buildSettings = {
				ASSETCATALOG_COMPILER_APPICON_NAME = AppIcon;
				DEVELOPMENT_TEAM = RCYN23FXZR;
				INFOPLIST_FILE = "$(SRCROOT)/FlyTour/FlyTour-Info.plist";
				IPHONEOS_DEPLOYMENT_TARGET = 8.0;
				LD_RUNPATH_SEARCH_PATHS = "$(inherited) @executable_path/Frameworks";
				PRODUCT_BUNDLE_IDENTIFIER = com.flytour.ios;
				PRODUCT_NAME = "$(TARGET_NAME)";
				SWIFT_VERSION = 3.0;
			};
			name = Release;
		};
/* End XCBuildConfiguration section */

/* Begin XCConfigurationList section */
		8F6BF6221E842BB800B466DB /* Build configuration list for PBXProject "FlyTour" */ = {
			isa = XCConfigurationList;
			buildConfigurations = (
				8F6BF63A1E842BB800B466DB /* Debug */,
				8F6BF63B1E842BB800B466DB /* Release */,
			);
			defaultConfigurationIsVisible = 0;
			defaultConfigurationName = Release;
		};
		8F6BF63C1E842BB800B466DB /* Build configuration list for PBXNativeTarget "FlyTour" */ = {
			isa = XCConfigurationList;
			buildConfigurations = (
				8F6BF63D1E842BB800B466DB /* Debug */,
				8F6BF63E1E842BB800B466DB /* Release */,
			);
			defaultConfigurationIsVisible = 0;
			defaultConfigurationName = Release;
		};
/* End XCConfigurationList section */
	};
	rootObject = 8F6BF61F1E842BB800B466DB /* Project object */;
}
